
Microsoft Visual Studio Solution File, Format Version 12.00
# Visual Studio Version 17
VisualStudioVersion = 17.6.33829.357
MinimumVisualStudioVersion = 10.0.40219.1
Project("{9A19103F-16F7-4668-BE54-9A1E7A4F7556}") = "BackendSample", "BackendSample\BackendSample.csproj", "{65BA9DB1-C395-4607-AA96-805B1C6E944A}"
EndProject
Project("{9A19103F-16F7-4668-BE54-9A1E7A4F7556}") = "JwtLib", "..\..\RunDll_Proj\JwtLib\JwtLib.csproj", "{F0DED0EA-3CA9-4D56-A7B3-181D85FEB955}"
EndProject
Global
	GlobalSection(SolutionConfigurationPlatforms) = preSolution
		Debug|Any CPU = Debug|Any CPU
		Release|Any CPU = Release|Any CPU
	EndGlobalSection
	GlobalSection(ProjectConfigurationPlatforms) = postSolution
		{65BA9DB1-C395-4607-AA96-805B1C6E944A}.Debug|Any CPU.ActiveCfg = Debug|Any CPU
		{65BA9DB1-C395-4607-AA96-805B1C6E944A}.Debug|Any CPU.Build.0 = Debug|Any CPU
		{65BA9DB1-C395-4607-AA96-805B1C6E944A}.Release|Any CPU.ActiveCfg = Release|Any CPU
		{65BA9DB1-C395-4607-AA96-805B1C6E944A}.Release|Any CPU.Build.0 = Release|Any CPU
		{F0DED0EA-3CA9-4D56-A7B3-181D85FEB955}.Debug|Any CPU.ActiveCfg = Debug|Any CPU
		{F0DED0EA-3CA9-4D56-A7B3-181D85FEB955}.Debug|Any CPU.Build.0 = Debug|Any CPU
		{F0DED0EA-3CA9-4D56-A7B3-181D85FEB955}.Release|Any CPU.ActiveCfg = Release|Any CPU
		{F0DED0EA-3CA9-4D56-A7B3-181D85FEB955}.Release|Any CPU.Build.0 = Release|Any CPU
	EndGlobalSection
	GlobalSection(SolutionProperties) = preSolution
		HideSolutionNode = FALSE
	EndGlobalSection
	GlobalSection(ExtensibilityGlobals) = postSolution
		SolutionGuid = {3FDBBB8C-F16F-4EA5-8685-B93F86BB4C0E}
	EndGlobalSection
EndGlobal
